// !$*UTF8*$!
{
	archiveVersion = 1;
	classes = {
	};
	objectVersion = 56;
	objects = {

/* Begin PBXBuildFile section */
		BE7380D329885DA500809F52 /* LoginUiApp.swift in Sources */ = {isa = PBXBuildFile; fileRef = BE7380D229885DA500809F52 /* LoginUiApp.swift */; };
		BE7380D529885DA500809F52 /* ContentView.swift in Sources */ = {isa = PBXBuildFile; fileRef = BE7380D429885DA500809F52 /* ContentView.swift */; };
		BE7380D729885DA600809F52 /* Assets.xcassets in Resources */ = {isa = PBXBuildFile; fileRef = BE7380D629885DA600809F52 /* Assets.xcassets */; };
		BE7380DA29885DA600809F52 /* Preview Assets.xcassets in Resources */ = {isa = PBXBuildFile; fileRef = BE7380D929885DA600809F52 /* Preview Assets.xcassets */; };
		BE7380E429885DA600809F52 /* LoginUiTests.swift in Sources */ = {isa = PBXBuildFile; fileRef = BE7380E329885DA600809F52 /* LoginUiTests.swift */; };
		BE7380EE29885DA600809F52 /* LoginUiUITests.swift in Sources */ = {isa = PBXBuildFile; fileRef = BE7380ED29885DA600809F52 /* LoginUiUITests.swift */; };
		BE7380F029885DA600809F52 /* LoginUiUITestsLaunchTests.swift in Sources */ = {isa = PBXBuildFile; fileRef = BE7380EF29885DA600809F52 /* LoginUiUITestsLaunchTests.swift */; };
/* End PBXBuildFile section */

/* Begin PBXContainerItemProxy section */
		BE7380E029885DA600809F52 /* PBXContainerItemProxy */ = {
			isa = PBXContainerItemProxy;
			containerPortal = BE7380C729885DA500809F52 /* Project object */;
			proxyType = 1;
			remoteGlobalIDString = BE7380CE29885DA500809F52;
			remoteInfo = LoginUi;
		};
		BE7380EA29885DA600809F52 /* PBXContainerItemProxy */ = {
			isa = PBXContainerItemProxy;
			containerPortal = BE7380C729885DA500809F52 /* Project object */;
			proxyType = 1;
			remoteGlobalIDString = BE7380CE29885DA500809F52;
			remoteInfo = LoginUi;
		};
/* End PBXContainerItemProxy section */

/* Begin PBXFileReference section */
		BE7380CF29885DA500809F52 /* LoginUi.app */ = {isa = PBXFileReference; explicitFileType = wrapper.application; includeInIndex = 0; path = LoginUi.app; sourceTree = BUILT_PRODUCTS_DIR; };
		BE7380D229885DA500809F52 /* LoginUiApp.swift */ = {isa = PBXFileReference; lastKnownFileType = sourcecode.swift; path = LoginUiApp.swift; sourceTree = "<group>"; };
		BE7380D429885DA500809F52 /* ContentView.swift */ = {isa = PBXFileReference; lastKnownFileType = sourcecode.swift; path = ContentView.swift; sourceTree = "<group>"; };
		BE7380D629885DA600809F52 /* Assets.xcassets */ = {isa = PBXFileReference; lastKnownFileType = folder.assetcatalog; path = Assets.xcassets; sourceTree = "<group>"; };
		BE7380D929885DA600809F52 /* Preview Assets.xcassets */ = {isa = PBXFileReference; lastKnownFileType = folder.assetcatalog; path = "Preview Assets.xcassets"; sourceTree = "<group>"; };
		BE7380DF29885DA600809F52 /* LoginUiTests.xctest */ = {isa = PBXFileReference; explicitFileType = wrapper.cfbundle; includeInIndex = 0; path = LoginUiTests.xctest; sourceTree = BUILT_PRODUCTS_DIR; };
		BE7380E329885DA600809F52 /* LoginUiTests.swift */ = {isa = PBXFileReference; lastKnownFileType = sourcecode.swift; path = LoginUiTests.swift; sourceTree = "<group>"; };
		BE7380E929885DA600809F52 /* LoginUiUITests.xctest */ = {isa = PBXFileReference; explicitFileType = wrapper.cfbundle; includeInIndex = 0; path = LoginUiUITests.xctest; sourceTree = BUILT_PRODUCTS_DIR; };
		BE7380ED29885DA600809F52 /* LoginUiUITests.swift */ = {isa = PBXFileReference; lastKnownFileType = sourcecode.swift; path = LoginUiUITests.swift; sourceTree = "<group>"; };
		BE7380EF29885DA600809F52 /* LoginUiUITestsLaunchTests.swift */ = {isa = PBXFileReference; lastKnownFileType = sourcecode.swift; path = LoginUiUITestsLaunchTests.swift; sourceTree = "<group>"; };
/* End PBXFileReference section */

/* Begin PBXFrameworksBuildPhase section */
		BE7380CC29885DA500809F52 /* Frameworks */ = {
			isa = PBXFrameworksBuildPhase;
			buildActionMask = 2147483647;
			files = (
			);
			runOnlyForDeploymentPostprocessing = 0;
		};
		BE7380DC29885DA600809F52 /* Frameworks */ = {
			isa = PBXFrameworksBuildPhase;
			buildActionMask = 2147483647;
			files = (
			);
			runOnlyForDeploymentPostprocessing = 0;
		};
		BE7380E629885DA600809F52 /* Frameworks */ = {
			isa = PBXFrameworksBuildPhase;
			buildActionMask = 2147483647;
			files = (
			);
			runOnlyForDeploymentPostprocessing = 0;
		};
/* End PBXFrameworksBuildPhase section */

/* Begin PBXGroup section */
		BE7380C629885DA500809F52 = {
			isa = PBXGroup;
			children = (
				BE7380D129885DA500809F52 /* LoginUi */,
				BE7380E229885DA600809F52 /* LoginUiTests */,
				BE7380EC29885DA600809F52 /* LoginUiUITests */,
				BE7380D029885DA500809F52 /* Products */,
			);
			sourceTree = "<group>";
		};
		BE7380D029885DA500809F52 /* Products */ = {
			isa = PBXGroup;
			children = (
				BE7380CF29885DA500809F52 /* LoginUi.app */,
				BE7380DF29885DA600809F52 /* LoginUiTests.xctest */,
				BE7380E929885DA600809F52 /* LoginUiUITests.xctest */,
			);
			name = Products;
			sourceTree = "<group>";
		};
		BE7380D129885DA500809F52 /* LoginUi */ = {
			isa = PBXGroup;
			children = (
				BE7380D229885DA500809F52 /* LoginUiApp.swift */,
				BE7380D429885DA500809F52 /* ContentView.swift */,
				BE7380D629885DA600809F52 /* Assets.xcassets */,
				BE7380D829885DA600809F52 /* Preview Content */,
			);
			path = LoginUi;
			sourceTree = "<group>";
		};
		BE7380D829885DA600809F52 /* Preview Content */ = {
			isa = PBXGroup;
			children = (
				BE7380D929885DA600809F52 /* Preview Assets.xcassets */,
			);
			path = "Preview Content";
			sourceTree = "<group>";
		};
		BE7380E229885DA600809F52 /* LoginUiTests */ = {
			isa = PBXGroup;
			children = (
				BE7380E329885DA600809F52 /* LoginUiTests.swift */,
			);
			path = LoginUiTests;
			sourceTree = "<group>";
		};
		BE7380EC29885DA600809F52 /* LoginUiUITests */ = {
			isa = PBXGroup;
			children = (
				BE7380ED29885DA600809F52 /* LoginUiUITests.swift */,
				BE7380EF29885DA600809F52 /* LoginUiUITestsLaunchTests.swift */,
			);
			path = LoginUiUITests;
			sourceTree = "<group>";
		};
/* End PBXGroup section */

/* Begin PBXNativeTarget section */
		BE7380CE29885DA500809F52 /* LoginUi */ = {
			isa = PBXNativeTarget;
			buildConfigurationList = BE7380F329885DA600809F52 /* Build configuration list for PBXNativeTarget "LoginUi" */;
			buildPhases = (
				BE7380CB29885DA500809F52 /* Sources */,
				BE7380CC29885DA500809F52 /* Frameworks */,
				BE7380CD29885DA500809F52 /* Resources */,
			);
			buildRules = (
			);
			dependencies = (
			);
			name = LoginUi;
			productName = LoginUi;
			productReference = BE7380CF29885DA500809F52 /* LoginUi.app */;
			productType = "com.apple.product-type.application";
		};
		BE7380DE29885DA600809F52 /* LoginUiTests */ = {
			isa = PBXNativeTarget;
			buildConfigurationList = BE7380F629885DA600809F52 /* Build configuration list for PBXNativeTarget "LoginUiTests" */;
			buildPhases = (
				BE7380DB29885DA600809F52 /* Sources */,
				BE7380DC29885DA600809F52 /* Frameworks */,
				BE7380DD29885DA600809F52 /* Resources */,
			);
			buildRules = (
			);
			dependencies = (
				BE7380E129885DA600809F52 /* PBXTargetDependency */,
			);
			name = LoginUiTests;
			productName = LoginUiTests;
			productReference = BE7380DF29885DA600809F52 /* LoginUiTests.xctest */;
			productType = "com.apple.product-type.bundle.unit-test";
		};
		BE7380E829885DA600809F52 /* LoginUiUITests */ = {
			isa = PBXNativeTarget;
			buildConfigurationList = BE7380F929885DA600809F52 /* Build configuration list for PBXNativeTarget "LoginUiUITests" */;
			buildPhases = (
				BE7380E529885DA600809F52 /* Sources */,
				BE7380E629885DA600809F52 /* Frameworks */,
				BE7380E729885DA600809F52 /* Resources */,
			);
			buildRules = (
			);
			dependencies = (
				BE7380EB29885DA600809F52 /* PBXTargetDependency */,
			);
			name = LoginUiUITests;
			productName = LoginUiUITests;
			productReference = BE7380E929885DA600809F52 /* LoginUiUITests.xctest */;
			productType = "com.apple.product-type.bundle.ui-testing";
		};
/* End PBXNativeTarget section */

/* Begin PBXProject section */
		BE7380C729885DA500809F52 /* Project object */ = {
			isa = PBXProject;
			attributes = {
				BuildIndependentTargetsInParallel = 1;
				LastSwiftUpdateCheck = 1410;
				LastUpgradeCheck = 1410;
				TargetAttributes = {
					BE7380CE29885DA500809F52 = {
						CreatedOnToolsVersion = 14.1;
					};
					BE7380DE29885DA600809F52 = {
						CreatedOnToolsVersion = 14.1;
						TestTargetID = BE7380CE29885DA500809F52;
					};
					BE7380E829885DA600809F52 = {
						CreatedOnToolsVersion = 14.1;
						TestTargetID = BE7380CE29885DA500809F52;
					};
				};
			};
			buildConfigurationList = BE7380CA29885DA500809F52 /* Build configuration list for PBXProject "LoginUi" */;
			compatibilityVersion = "Xcode 14.0";
			developmentRegion = en;
			hasScannedForEncodings = 0;
			knownRegions = (
				en,
				Base,
			);
			mainGroup = BE7380C629885DA500809F52;
			productRefGroup = BE7380D029885DA500809F52 /* Products */;
			projectDirPath = "";
			projectRoot = "";
			targets = (
				BE7380CE29885DA500809F52 /* LoginUi */,
				BE7380DE29885DA600809F52 /* LoginUiTests */,
				BE7380E829885DA600809F52 /* LoginUiUITests */,
			);
		};
/* End PBXProject section */

/* Begin PBXResourcesBuildPhase section */
		BE7380CD29885DA500809F52 /* Resources */ = {
			isa = PBXResourcesBuildPhase;
			buildActionMask = 2147483647;
			files = (
				BE7380DA29885DA600809F52 /* Preview Assets.xcassets in Resources */,
				BE7380D729885DA600809F52 /* Assets.xcassets in Resources */,
			);
			runOnlyForDeploymentPostprocessing = 0;
		};
		BE7380DD29885DA600809F52 /* Resources */ = {
			isa = PBXResourcesBuildPhase;
			buildActionMask = 2147483647;
			files = (
			);
			runOnlyForDeploymentPostprocessing = 0;
		};
		BE7380E729885DA600809F52 /* Resources */ = {
			isa = PBXResourcesBuildPhase;
			buildActionMask = 2147483647;
			files = (
			);
			runOnlyForDeploymentPostprocessing = 0;
		};
/* End PBXResourcesBuildPhase section */

/* Begin PBXSourcesBuildPhase section */
		BE7380CB29885DA500809F52 /* Sources */ = {
			isa = PBXSourcesBuildPhase;
			buildActionMask = 2147483647;
			files = (
				BE7380D529885DA500809F52 /* ContentView.swift in Sources */,
				BE7380D329885DA500809F52 /* LoginUiApp.swift in Sources */,
			);
			runOnlyForDeploymentPostprocessing = 0;
		};
		BE7380DB29885DA600809F52 /* Sources */ = {
			isa = PBXSourcesBuildPhase;
			buildActionMask = 2147483647;
			files = (
				BE7380E429885DA600809F52 /* LoginUiTests.swift in Sources */,
			);
			runOnlyForDeploymentPostprocessing = 0;
		};
		BE7380E529885DA600809F52 /* Sources */ = {
			isa = PBXSourcesBuildPhase;
			buildActionMask = 2147483647;
			files = (
				BE7380F029885DA600809F52 /* LoginUiUITestsLaunchTests.swift in Sources */,
				BE7380EE29885DA600809F52 /* LoginUiUITests.swift in Sources */,
			);
			runOnlyForDeploymentPostprocessing = 0;
		};
/* End PBXSourcesBuildPhase section */

/* Begin PBXTargetDependency section */
		BE7380E129885DA600809F52 /* PBXTargetDependency */ = {
			isa = PBXTargetDependency;
			target = BE7380CE29885DA500809F52 /* LoginUi */;
			targetProxy = BE7380E029885DA600809F52 /* PBXContainerItemProxy */;
		};
		BE7380EB29885DA600809F52 /* PBXTargetDependency */ = {
			isa = PBXTargetDependency;
			target = BE7380CE29885DA500809F52 /* LoginUi */;
			targetProxy = BE7380EA29885DA600809F52 /* PBXContainerItemProxy */;
		};
/* End PBXTargetDependency section */

/* Begin XCBuildConfiguration section */
		BE7380F129885DA600809F52 /* Debug */ = {
			isa = XCBuildConfiguration;
			buildSettings = {
				ALWAYS_SEARCH_USER_PATHS = NO;
				CLANG_ANALYZER_NONNULL = YES;
				CLANG_ANALYZER_NUMBER_OBJECT_CONVERSION = YES_AGGRESSIVE;
				CLANG_CXX_LANGUAGE_STANDARD = "gnu++20";
				CLANG_ENABLE_MODULES = YES;
				CLANG_ENABLE_OBJC_ARC = YES;
				CLANG_ENABLE_OBJC_WEAK = YES;
				CLANG_WARN_BLOCK_CAPTURE_AUTORELEASING = YES;
				CLANG_WARN_BOOL_CONVERSION = YES;
				CLANG_WARN_COMMA = YES;
				CLANG_WARN_CONSTANT_CONVERSION = YES;
				CLANG_WARN_DEPRECATED_OBJC_IMPLEMENTATIONS = YES;
				CLANG_WARN_DIRECT_OBJC_ISA_USAGE = YES_ERROR;
				CLANG_WARN_DOCUMENTATION_COMMENTS = YES;
				CLANG_WARN_EMPTY_BODY = YES;
				CLANG_WARN_ENUM_CONVERSION = YES;
				CLANG_WARN_INFINITE_RECURSION = YES;
				CLANG_WARN_INT_CONVERSION = YES;
				CLANG_WARN_NON_LITERAL_NULL_CONVERSION = YES;
				CLANG_WARN_OBJC_IMPLICIT_RETAIN_SELF = YES;
				CLANG_WARN_OBJC_LITERAL_CONVERSION = YES;
				CLANG_WARN_OBJC_ROOT_CLASS = YES_ERROR;
				CLANG_WARN_QUOTED_INCLUDE_IN_FRAMEWORK_HEADER = YES;
				CLANG_WARN_RANGE_LOOP_ANALYSIS = YES;
				CLANG_WARN_STRICT_PROTOTYPES = YES;
				CLANG_WARN_SUSPICIOUS_MOVE = YES;
				CLANG_WARN_UNGUARDED_AVAILABILITY = YES_AGGRESSIVE;
				CLANG_WARN_UNREACHABLE_CODE = YES;
				CLANG_WARN__DUPLICATE_METHOD_MATCH = YES;
				COPY_PHASE_STRIP = NO;
				DEBUG_INFORMATION_FORMAT = dwarf;
				ENABLE_STRICT_OBJC_MSGSEND = YES;
				ENABLE_TESTABILITY = YES;
				GCC_C_LANGUAGE_STANDARD = gnu11;
				GCC_DYNAMIC_NO_PIC = NO;
				GCC_NO_COMMON_BLOCKS = YES;
				GCC_OPTIMIZATION_LEVEL = 0;
				GCC_PREPROCESSOR_DEFINITIONS = (
					"DEBUG=1",
					"$(inherited)",
				);
				GCC_WARN_64_TO_32_BIT_CONVERSION = YES;
				GCC_WARN_ABOUT_RETURN_TYPE = YES_ERROR;
				GCC_WARN_UNDECLARED_SELECTOR = YES;
				GCC_WARN_UNINITIALIZED_AUTOS = YES_AGGRESSIVE;
				GCC_WARN_UNUSED_FUNCTION = YES;
				GCC_WARN_UNUSED_VARIABLE = YES;
				IPHONEOS_DEPLOYMENT_TARGET = 16.1;
				MTL_ENABLE_DEBUG_INFO = INCLUDE_SOURCE;
				MTL_FAST_MATH = YES;
				ONLY_ACTIVE_ARCH = YES;
				SDKROOT = iphoneos;
				SWIFT_ACTIVE_COMPILATION_CONDITIONS = DEBUG;
				SWIFT_OPTIMIZATION_LEVEL = "-Onone";
			};
			name = Debug;
		};
		BE7380F229885DA600809F52 /* Release */ = {
			isa = XCBuildConfiguration;
			buildSettings = {
				ALWAYS_SEARCH_USER_PATHS = NO;
				CLANG_ANALYZER_NONNULL = YES;
				CLANG_ANALYZER_NUMBER_OBJECT_CONVERSION = YES_AGGRESSIVE;
				CLANG_CXX_LANGUAGE_STANDARD = "gnu++20";
				CLANG_ENABLE_MODULES = YES;
				CLANG_ENABLE_OBJC_ARC = YES;
				CLANG_ENABLE_OBJC_WEAK = YES;
				CLANG_WARN_BLOCK_CAPTURE_AUTORELEASING = YES;
				CLANG_WARN_BOOL_CONVERSION = YES;
				CLANG_WARN_COMMA = YES;
				CLANG_WARN_CONSTANT_CONVERSION = YES;
				CLANG_WARN_DEPRECATED_OBJC_IMPLEMENTATIONS = YES;
				CLANG_WARN_DIRECT_OBJC_ISA_USAGE = YES_ERROR;
				CLANG_WARN_DOCUMENTATION_COMMENTS = YES;
				CLANG_WARN_EMPTY_BODY = YES;
				CLANG_WARN_ENUM_CONVERSION = YES;
				CLANG_WARN_INFINITE_RECURSION = YES;
				CLANG_WARN_INT_CONVERSION = YES;
				CLANG_WARN_NON_LITERAL_NULL_CONVERSION = YES;
				CLANG_WARN_OBJC_IMPLICIT_RETAIN_SELF = YES;
				CLANG_WARN_OBJC_LITERAL_CONVERSION = YES;
				CLANG_WARN_OBJC_ROOT_CLASS = YES_ERROR;
				CLANG_WARN_QUOTED_INCLUDE_IN_FRAMEWORK_HEADER = YES;
				CLANG_WARN_RANGE_LOOP_ANALYSIS = YES;
				CLANG_WARN_STRICT_PROTOTYPES = YES;
				CLANG_WARN_SUSPICIOUS_MOVE = YES;
				CLANG_WARN_UNGUARDED_AVAILABILITY = YES_AGGRESSIVE;
				CLANG_WARN_UNREACHABLE_CODE = YES;
				CLANG_WARN__DUPLICATE_METHOD_MATCH = YES;
				COPY_PHASE_STRIP = NO;
				DEBUG_INFORMATION_FORMAT = "dwarf-with-dsym";
				ENABLE_NS_ASSERTIONS = NO;
				ENABLE_STRICT_OBJC_MSGSEND = YES;
				GCC_C_LANGUAGE_STANDARD = gnu11;
				GCC_NO_COMMON_BLOCKS = YES;
				GCC_WARN_64_TO_32_BIT_CONVERSION = YES;
				GCC_WARN_ABOUT_RETURN_TYPE = YES_ERROR;
				GCC_WARN_UNDECLARED_SELECTOR = YES;
				GCC_WARN_UNINITIALIZED_AUTOS = YES_AGGRESSIVE;
				GCC_WARN_UNUSED_FUNCTION = YES;
				GCC_WARN_UNUSED_VARIABLE = YES;
				IPHONEOS_DEPLOYMENT_TARGET = 16.1;
				MTL_ENABLE_DEBUG_INFO = NO;
				MTL_FAST_MATH = YES;
				SDKROOT = iphoneos;
				SWIFT_COMPILATION_MODE = wholemodule;
				SWIFT_OPTIMIZATION_LEVEL = "-O";
				VALIDATE_PRODUCT = YES;
			};
			name = Release;
		};
		BE7380F429885DA600809F52 /* Debug */ = {
			isa = XCBuildConfiguration;
			buildSettings = {
				ASSETCATALOG_COMPILER_APPICON_NAME = AppIcon;
				ASSETCATALOG_COMPILER_GLOBAL_ACCENT_COLOR_NAME = AccentColor;
				CODE_SIGN_STYLE = Automatic;
				CURRENT_PROJECT_VERSION = 1;
				DEVELOPMENT_ASSET_PATHS = "\"LoginUi/Preview Content\"";
				ENABLE_PREVIEWS = YES;
				GENERATE_INFOPLIST_FILE = YES;
				INFOPLIST_KEY_UIApplicationSceneManifest_Generation = YES;
				INFOPLIST_KEY_UIApplicationSupportsIndirectInputEvents = YES;
				INFOPLIST_KEY_UILaunchScreen_Generation = YES;
				INFOPLIST_KEY_UISupportedInterfaceOrientations_iPad = "UIInterfaceOrientationPortrait UIInterfaceOrientationPortraitUpsideDown UIInterfaceOrientationLandscapeLeft UIInterfaceOrientationLandscapeRight";
				INFOPLIST_KEY_UISupportedInterfaceOrientations_iPhone = "UIInterfaceOrientationPortrait UIInterfaceOrientationLandscapeLeft UIInterfaceOrientationLandscapeRight";
				LD_RUNPATH_SEARCH_PATHS = (
					"$(inherited)",
					"@executable_path/Frameworks",
				);
				MARKETING_VERSION = 1.0;
				PRODUCT_BUNDLE_IDENTIFIER = prova.LoginUi;
				PRODUCT_NAME = "$(TARGET_NAME)";
				SWIFT_EMIT_LOC_STRINGS = YES;
				SWIFT_VERSION = 5.0;
				TARGETED_DEVICE_FAMILY = "1,2";
			};
			name = Debug;
		};
		BE7380F529885DA600809F52 /* Release */ = {
			isa = XCBuildConfiguration;
			buildSettings = {
				ASSETCATALOG_COMPILER_APPICON_NAME = AppIcon;
				ASSETCATALOG_COMPILER_GLOBAL_ACCENT_COLOR_NAME = AccentColor;
				CODE_SIGN_STYLE = Automatic;
				CURRENT_PROJECT_VERSION = 1;
				DEVELOPMENT_ASSET_PATHS = "\"LoginUi/Preview Content\"";
				ENABLE_PREVIEWS = YES;
				GENERATE_INFOPLIST_FILE = YES;
				INFOPLIST_KEY_UIApplicationSceneManifest_Generation = YES;
				INFOPLIST_KEY_UIApplicationSupportsIndirectInputEvents = YES;
				INFOPLIST_KEY_UILaunchScreen_Generation = YES;
				INFOPLIST_KEY_UISupportedInterfaceOrientations_iPad = "UIInterfaceOrientationPortrait UIInterfaceOrientationPortraitUpsideDown UIInterfaceOrientationLandscapeLeft UIInterfaceOrientationLandscapeRight";
				INFOPLIST_KEY_UISupportedInterfaceOrientations_iPhone = "UIInterfaceOrientationPortrait UIInterfaceOrientationLandscapeLeft UIInterfaceOrientationLandscapeRight";
				LD_RUNPATH_SEARCH_PATHS = (
					"$(inherited)",
					"@executable_path/Frameworks",
				);
				MARKETING_VERSION = 1.0;
				PRODUCT_BUNDLE_IDENTIFIER = prova.LoginUi;
				PRODUCT_NAME = "$(TARGET_NAME)";
				SWIFT_EMIT_LOC_STRINGS = YES;
				SWIFT_VERSION = 5.0;
				TARGETED_DEVICE_FAMILY = "1,2";
			};
			name = Release;
		};
		BE7380F729885DA600809F52 /* Debug */ = {
			isa = XCBuildConfiguration;
			buildSettings = {
				ALWAYS_EMBED_SWIFT_STANDARD_LIBRARIES = YES;
				BUNDLE_LOADER = "$(TEST_HOST)";
				CODE_SIGN_STYLE = Automatic;
				CURRENT_PROJECT_VERSION = 1;
				GENERATE_INFOPLIST_FILE = YES;
				IPHONEOS_DEPLOYMENT_TARGET = 16.1;
				MARKETING_VERSION = 1.0;
				PRODUCT_BUNDLE_IDENTIFIER = prova.LoginUiTests;
				PRODUCT_NAME = "$(TARGET_NAME)";
				SWIFT_EMIT_LOC_STRINGS = NO;
				SWIFT_VERSION = 5.0;
				TARGETED_DEVICE_FAMILY = "1,2";
				TEST_HOST = "$(BUILT_PRODUCTS_DIR)/LoginUi.app/$(BUNDLE_EXECUTABLE_FOLDER_PATH)/LoginUi";
			};
			name = Debug;
		};
		BE7380F829885DA600809F52 /* Release */ = {
			isa = XCBuildConfiguration;
			buildSettings = {
				ALWAYS_EMBED_SWIFT_STANDARD_LIBRARIES = YES;
				BUNDLE_LOADER = "$(TEST_HOST)";
				CODE_SIGN_STYLE = Automatic;
				CURRENT_PROJECT_VERSION = 1;
				GENERATE_INFOPLIST_FILE = YES;
				IPHONEOS_DEPLOYMENT_TARGET = 16.1;
				MARKETING_VERSION = 1.0;
				PRODUCT_BUNDLE_IDENTIFIER = prova.LoginUiTests;
				PRODUCT_NAME = "$(TARGET_NAME)";
				SWIFT_EMIT_LOC_STRINGS = NO;
				SWIFT_VERSION = 5.0;
				TARGETED_DEVICE_FAMILY = "1,2";
				TEST_HOST = "$(BUILT_PRODUCTS_DIR)/LoginUi.app/$(BUNDLE_EXECUTABLE_FOLDER_PATH)/LoginUi";
			};
			name = Release;
		};
		BE7380FA29885DA600809F52 /* Debug */ = {
			isa = XCBuildConfiguration;
			buildSettings = {
				ALWAYS_EMBED_SWIFT_STANDARD_LIBRARIES = YES;
				CODE_SIGN_STYLE = Automatic;
				CURRENT_PROJECT_VERSION = 1;
				GENERATE_INFOPLIST_FILE = YES;
				MARKETING_VERSION = 1.0;
				PRODUCT_BUNDLE_IDENTIFIER = prova.LoginUiUITests;
				PRODUCT_NAME = "$(TARGET_NAME)";
				SWIFT_EMIT_LOC_STRINGS = NO;
				SWIFT_VERSION = 5.0;
				TARGETED_DEVICE_FAMILY = "1,2";
				TEST_TARGET_NAME = LoginUi;
			};
			name = Debug;
		};
		BE7380FB29885DA600809F52 /* Release */ = {
			isa = XCBuildConfiguration;
			buildSettings = {
				ALWAYS_EMBED_SWIFT_STANDARD_LIBRARIES = YES;
				CODE_SIGN_STYLE = Automatic;
				CURRENT_PROJECT_VERSION = 1;
				GENERATE_INFOPLIST_FILE = YES;
				MARKETING_VERSION = 1.0;
				PRODUCT_BUNDLE_IDENTIFIER = prova.LoginUiUITests;
				PRODUCT_NAME = "$(TARGET_NAME)";
				SWIFT_EMIT_LOC_STRINGS = NO;
				SWIFT_VERSION = 5.0;
				TARGETED_DEVICE_FAMILY = "1,2";
				TEST_TARGET_NAME = LoginUi;
			};
			name = Release;
		};
/* End XCBuildConfiguration section */

/* Begin XCConfigurationList section */
		BE7380CA29885DA500809F52 /* Build configuration list for PBXProject "LoginUi" */ = {
			isa = XCConfigurationList;
			buildConfigurations = (
				BE7380F129885DA600809F52 /* Debug */,
				BE7380F229885DA600809F52 /* Release */,
			);
			defaultConfigurationIsVisible = 0;
			defaultConfigurationName = Release;
		};
		BE7380F329885DA600809F52 /* Build configuration list for PBXNativeTarget "LoginUi" */ = {
			isa = XCConfigurationList;
			buildConfigurations = (
				BE7380F429885DA600809F52 /* Debug */,
				BE7380F529885DA600809F52 /* Release */,
			);
			defaultConfigurationIsVisible = 0;
			defaultConfigurationName = Release;
		};
		BE7380F629885DA600809F52 /* Build configuration list for PBXNativeTarget "LoginUiTests" */ = {
			isa = XCConfigurationList;
			buildConfigurations = (
				BE7380F729885DA600809F52 /* Debug */,
				BE7380F829885DA600809F52 /* Release */,
			);
			defaultConfigurationIsVisible = 0;
			defaultConfigurationName = Release;
		};
		BE7380F929885DA600809F52 /* Build configuration list for PBXNativeTarget "LoginUiUITests" */ = {
			isa = XCConfigurationList;
			buildConfigurations = (
				BE7380FA29885DA600809F52 /* Debug */,
				BE7380FB29885DA600809F52 /* Release */,
			);
			defaultConfigurationIsVisible = 0;
			defaultConfigurationName = Release;
		};
/* End XCConfigurationList section */
	};
	rootObject = BE7380C729885DA500809F52 /* Project object */;
}
